
Microsoft Visual Studio Solution File, Format Version 12.00
# Visual Studio Version 16
VisualStudioVersion = 16.0.31911.196
MinimumVisualStudioVersion = 10.0.40219.1
Project("{FAE04EC0-301F-11D3-BF4B-00C04F79EFBC}") = "FinalProject", "FinalProject\FinalProject.csproj", "{20DC35DE-6EBD-4483-AE2F-18ED87E43582}"
EndProject
Global
	GlobalSection(SolutionConfigurationPlatforms) = preSolution
		Debug|Any CPU = Debug|Any CPU
		Release|Any CPU = Release|Any CPU
	EndGlobalSection
	GlobalSection(ProjectConfigurationPlatforms) = postSolution
		{20DC35DE-6EBD-4483-AE2F-18ED87E43582}.Debug|Any CPU.ActiveCfg = Debug|Any CPU
		{20DC35DE-6EBD-4483-AE2F-18ED87E43582}.Debug|Any CPU.Build.0 = Debug|Any CPU
		{20DC35DE-6EBD-4483-AE2F-18ED87E43582}.Release|Any CPU.ActiveCfg = Release|Any CPU
		{20DC35DE-6EBD-4483-AE2F-18ED87E43582}.Release|Any CPU.Build.0 = Release|Any CPU
	EndGlobalSection
	GlobalSection(SolutionProperties) = preSolution
		HideSolutionNode = FALSE
	EndGlobalSection
	GlobalSection(ExtensibilityGlobals) = postSolution
		SolutionGuid = {D6876557-0D08-4062-963D-C0D9D3957810}
	EndGlobalSection
EndGlobal
